// !$*UTF8*$!
{
	archiveVersion = 1;
	classes = {
	};
	objectVersion = 56;
	objects = {

/* Begin PBXBuildFile section */
		461F13CA29C6F5D1007B6317 /* WeatherKitAppApp.swift in Sources */ = {isa = PBXBuildFile; fileRef = 461F13C929C6F5D1007B6317 /* WeatherKitAppApp.swift */; };
		461F13CC29C6F5D1007B6317 /* ContentView.swift in Sources */ = {isa = PBXBuildFile; fileRef = 461F13CB29C6F5D1007B6317 /* ContentView.swift */; };
		461F13CE29C6F5D3007B6317 /* Assets.xcassets in Resources */ = {isa = PBXBuildFile; fileRef = 461F13CD29C6F5D3007B6317 /* Assets.xcassets */; };
		461F13D229C6F5D3007B6317 /* Preview Assets.xcassets in Resources */ = {isa = PBXBuildFile; fileRef = 461F13D129C6F5D3007B6317 /* Preview Assets.xcassets */; };
		461F13DC29C6F5D4007B6317 /* WeatherKitAppTests.swift in Sources */ = {isa = PBXBuildFile; fileRef = 461F13DB29C6F5D4007B6317 /* WeatherKitAppTests.swift */; };
		461F13E629C6F5D4007B6317 /* WeatherKitAppUITests.swift in Sources */ = {isa = PBXBuildFile; fileRef = 461F13E529C6F5D4007B6317 /* WeatherKitAppUITests.swift */; };
		461F13E829C6F5D4007B6317 /* WeatherKitAppUITestsLaunchTests.swift in Sources */ = {isa = PBXBuildFile; fileRef = 461F13E729C6F5D4007B6317 /* WeatherKitAppUITestsLaunchTests.swift */; };
/* End PBXBuildFile section */

/* Begin PBXContainerItemProxy section */
		461F13D829C6F5D4007B6317 /* PBXContainerItemProxy */ = {
			isa = PBXContainerItemProxy;
			containerPortal = 461F13BE29C6F5D1007B6317 /* Project object */;
			proxyType = 1;
			remoteGlobalIDString = 461F13C529C6F5D1007B6317;
			remoteInfo = WeatherKitApp;
		};
		461F13E229C6F5D4007B6317 /* PBXContainerItemProxy */ = {
			isa = PBXContainerItemProxy;
			containerPortal = 461F13BE29C6F5D1007B6317 /* Project object */;
			proxyType = 1;
			remoteGlobalIDString = 461F13C529C6F5D1007B6317;
			remoteInfo = WeatherKitApp;
		};
/* End PBXContainerItemProxy section */

/* Begin PBXFileReference section */
		461F13C629C6F5D1007B6317 /* WeatherKitApp.app */ = {isa = PBXFileReference; explicitFileType = wrapper.application; includeInIndex = 0; path = WeatherKitApp.app; sourceTree = BUILT_PRODUCTS_DIR; };
		461F13C929C6F5D1007B6317 /* WeatherKitAppApp.swift */ = {isa = PBXFileReference; lastKnownFileType = sourcecode.swift; path = WeatherKitAppApp.swift; sourceTree = "<group>"; };
		461F13CB29C6F5D1007B6317 /* ContentView.swift */ = {isa = PBXFileReference; lastKnownFileType = sourcecode.swift; path = ContentView.swift; sourceTree = "<group>"; };
		461F13CD29C6F5D3007B6317 /* Assets.xcassets */ = {isa = PBXFileReference; lastKnownFileType = folder.assetcatalog; path = Assets.xcassets; sourceTree = "<group>"; };
		461F13CF29C6F5D3007B6317 /* WeatherKitApp.entitlements */ = {isa = PBXFileReference; lastKnownFileType = text.plist.entitlements; path = WeatherKitApp.entitlements; sourceTree = "<group>"; };
		461F13D129C6F5D3007B6317 /* Preview Assets.xcassets */ = {isa = PBXFileReference; lastKnownFileType = folder.assetcatalog; path = "Preview Assets.xcassets"; sourceTree = "<group>"; };
		461F13D729C6F5D4007B6317 /* WeatherKitAppTests.xctest */ = {isa = PBXFileReference; explicitFileType = wrapper.cfbundle; includeInIndex = 0; path = WeatherKitAppTests.xctest; sourceTree = BUILT_PRODUCTS_DIR; };
		461F13DB29C6F5D4007B6317 /* WeatherKitAppTests.swift */ = {isa = PBXFileReference; lastKnownFileType = sourcecode.swift; path = WeatherKitAppTests.swift; sourceTree = "<group>"; };
		461F13E129C6F5D4007B6317 /* WeatherKitAppUITests.xctest */ = {isa = PBXFileReference; explicitFileType = wrapper.cfbundle; includeInIndex = 0; path = WeatherKitAppUITests.xctest; sourceTree = BUILT_PRODUCTS_DIR; };
		461F13E529C6F5D4007B6317 /* WeatherKitAppUITests.swift */ = {isa = PBXFileReference; lastKnownFileType = sourcecode.swift; path = WeatherKitAppUITests.swift; sourceTree = "<group>"; };
		461F13E729C6F5D4007B6317 /* WeatherKitAppUITestsLaunchTests.swift */ = {isa = PBXFileReference; lastKnownFileType = sourcecode.swift; path = WeatherKitAppUITestsLaunchTests.swift; sourceTree = "<group>"; };
/* End PBXFileReference section */

/* Begin PBXFrameworksBuildPhase section */
		461F13C329C6F5D1007B6317 /* Frameworks */ = {
			isa = PBXFrameworksBuildPhase;
			buildActionMask = 2147483647;
			files = (
			);
			runOnlyForDeploymentPostprocessing = 0;
		};
		461F13D429C6F5D4007B6317 /* Frameworks */ = {
			isa = PBXFrameworksBuildPhase;
			buildActionMask = 2147483647;
			files = (
			);
			runOnlyForDeploymentPostprocessing = 0;
		};
		461F13DE29C6F5D4007B6317 /* Frameworks */ = {
			isa = PBXFrameworksBuildPhase;
			buildActionMask = 2147483647;
			files = (
			);
			runOnlyForDeploymentPostprocessing = 0;
		};
/* End PBXFrameworksBuildPhase section */

/* Begin PBXGroup section */
		461F13BD29C6F5D1007B6317 = {
			isa = PBXGroup;
			children = (
				461F13C829C6F5D1007B6317 /* WeatherKitApp */,
				461F13DA29C6F5D4007B6317 /* WeatherKitAppTests */,
				461F13E429C6F5D4007B6317 /* WeatherKitAppUITests */,
				461F13C729C6F5D1007B6317 /* Products */,
			);
			sourceTree = "<group>";
		};
		461F13C729C6F5D1007B6317 /* Products */ = {
			isa = PBXGroup;
			children = (
				461F13C629C6F5D1007B6317 /* WeatherKitApp.app */,
				461F13D729C6F5D4007B6317 /* WeatherKitAppTests.xctest */,
				461F13E129C6F5D4007B6317 /* WeatherKitAppUITests.xctest */,
			);
			name = Products;
			sourceTree = "<group>";
		};
		461F13C829C6F5D1007B6317 /* WeatherKitApp */ = {
			isa = PBXGroup;
			children = (
				461F13C929C6F5D1007B6317 /* WeatherKitAppApp.swift */,
				461F13CB29C6F5D1007B6317 /* ContentView.swift */,
				461F13CD29C6F5D3007B6317 /* Assets.xcassets */,
				461F13CF29C6F5D3007B6317 /* WeatherKitApp.entitlements */,
				461F13D029C6F5D3007B6317 /* Preview Content */,
			);
			path = WeatherKitApp;
			sourceTree = "<group>";
		};
		461F13D029C6F5D3007B6317 /* Preview Content */ = {
			isa = PBXGroup;
			children = (
				461F13D129C6F5D3007B6317 /* Preview Assets.xcassets */,
			);
			path = "Preview Content";
			sourceTree = "<group>";
		};
		461F13DA29C6F5D4007B6317 /* WeatherKitAppTests */ = {
			isa = PBXGroup;
			children = (
				461F13DB29C6F5D4007B6317 /* WeatherKitAppTests.swift */,
			);
			path = WeatherKitAppTests;
			sourceTree = "<group>";
		};
		461F13E429C6F5D4007B6317 /* WeatherKitAppUITests */ = {
			isa = PBXGroup;
			children = (
				461F13E529C6F5D4007B6317 /* WeatherKitAppUITests.swift */,
				461F13E729C6F5D4007B6317 /* WeatherKitAppUITestsLaunchTests.swift */,
			);
			path = WeatherKitAppUITests;
			sourceTree = "<group>";
		};
/* End PBXGroup section */

/* Begin PBXNativeTarget section */
		461F13C529C6F5D1007B6317 /* WeatherKitApp */ = {
			isa = PBXNativeTarget;
			buildConfigurationList = 461F13EB29C6F5D4007B6317 /* Build configuration list for PBXNativeTarget "WeatherKitApp" */;
			buildPhases = (
				461F13C229C6F5D1007B6317 /* Sources */,
				461F13C329C6F5D1007B6317 /* Frameworks */,
				461F13C429C6F5D1007B6317 /* Resources */,
			);
			buildRules = (
			);
			dependencies = (
			);
			name = WeatherKitApp;
			productName = WeatherKitApp;
			productReference = 461F13C629C6F5D1007B6317 /* WeatherKitApp.app */;
			productType = "com.apple.product-type.application";
		};
		461F13D629C6F5D4007B6317 /* WeatherKitAppTests */ = {
			isa = PBXNativeTarget;
			buildConfigurationList = 461F13EE29C6F5D4007B6317 /* Build configuration list for PBXNativeTarget "WeatherKitAppTests" */;
			buildPhases = (
				461F13D329C6F5D4007B6317 /* Sources */,
				461F13D429C6F5D4007B6317 /* Frameworks */,
				461F13D529C6F5D4007B6317 /* Resources */,
			);
			buildRules = (
			);
			dependencies = (
				461F13D929C6F5D4007B6317 /* PBXTargetDependency */,
			);
			name = WeatherKitAppTests;
			productName = WeatherKitAppTests;
			productReference = 461F13D729C6F5D4007B6317 /* WeatherKitAppTests.xctest */;
			productType = "com.apple.product-type.bundle.unit-test";
		};
		461F13E029C6F5D4007B6317 /* WeatherKitAppUITests */ = {
			isa = PBXNativeTarget;
			buildConfigurationList = 461F13F129C6F5D4007B6317 /* Build configuration list for PBXNativeTarget "WeatherKitAppUITests" */;
			buildPhases = (
				461F13DD29C6F5D4007B6317 /* Sources */,
				461F13DE29C6F5D4007B6317 /* Frameworks */,
				461F13DF29C6F5D4007B6317 /* Resources */,
			);
			buildRules = (
			);
			dependencies = (
				461F13E329C6F5D4007B6317 /* PBXTargetDependency */,
			);
			name = WeatherKitAppUITests;
			productName = WeatherKitAppUITests;
			productReference = 461F13E129C6F5D4007B6317 /* WeatherKitAppUITests.xctest */;
			productType = "com.apple.product-type.bundle.ui-testing";
		};
/* End PBXNativeTarget section */

/* Begin PBXProject section */
		461F13BE29C6F5D1007B6317 /* Project object */ = {
			isa = PBXProject;
			attributes = {
				BuildIndependentTargetsInParallel = 1;
				LastSwiftUpdateCheck = 1420;
				LastUpgradeCheck = 1420;
				TargetAttributes = {
					461F13C529C6F5D1007B6317 = {
						CreatedOnToolsVersion = 14.2;
					};
					461F13D629C6F5D4007B6317 = {
						CreatedOnToolsVersion = 14.2;
						TestTargetID = 461F13C529C6F5D1007B6317;
					};
					461F13E029C6F5D4007B6317 = {
						CreatedOnToolsVersion = 14.2;
						TestTargetID = 461F13C529C6F5D1007B6317;
					};
				};
			};
			buildConfigurationList = 461F13C129C6F5D1007B6317 /* Build configuration list for PBXProject "WeatherKitApp" */;
			compatibilityVersion = "Xcode 14.0";
			developmentRegion = en;
			hasScannedForEncodings = 0;
			knownRegions = (
				en,
				Base,
			);
			mainGroup = 461F13BD29C6F5D1007B6317;
			productRefGroup = 461F13C729C6F5D1007B6317 /* Products */;
			projectDirPath = "";
			projectRoot = "";
			targets = (
				461F13C529C6F5D1007B6317 /* WeatherKitApp */,
				461F13D629C6F5D4007B6317 /* WeatherKitAppTests */,
				461F13E029C6F5D4007B6317 /* WeatherKitAppUITests */,
			);
		};
/* End PBXProject section */

/* Begin PBXResourcesBuildPhase section */
		461F13C429C6F5D1007B6317 /* Resources */ = {
			isa = PBXResourcesBuildPhase;
			buildActionMask = 2147483647;
			files = (
				461F13D229C6F5D3007B6317 /* Preview Assets.xcassets in Resources */,
				461F13CE29C6F5D3007B6317 /* Assets.xcassets in Resources */,
			);
			runOnlyForDeploymentPostprocessing = 0;
		};
		461F13D529C6F5D4007B6317 /* Resources */ = {
			isa = PBXResourcesBuildPhase;
			buildActionMask = 2147483647;
			files = (
			);
			runOnlyForDeploymentPostprocessing = 0;
		};
		461F13DF29C6F5D4007B6317 /* Resources */ = {
			isa = PBXResourcesBuildPhase;
			buildActionMask = 2147483647;
			files = (
			);
			runOnlyForDeploymentPostprocessing = 0;
		};
/* End PBXResourcesBuildPhase section */

/* Begin PBXSourcesBuildPhase section */
		461F13C229C6F5D1007B6317 /* Sources */ = {
			isa = PBXSourcesBuildPhase;
			buildActionMask = 2147483647;
			files = (
				461F13CC29C6F5D1007B6317 /* ContentView.swift in Sources */,
				461F13CA29C6F5D1007B6317 /* WeatherKitAppApp.swift in Sources */,
			);
			runOnlyForDeploymentPostprocessing = 0;
		};
		461F13D329C6F5D4007B6317 /* Sources */ = {
			isa = PBXSourcesBuildPhase;
			buildActionMask = 2147483647;
			files = (
				461F13DC29C6F5D4007B6317 /* WeatherKitAppTests.swift in Sources */,
			);
			runOnlyForDeploymentPostprocessing = 0;
		};
		461F13DD29C6F5D4007B6317 /* Sources */ = {
			isa = PBXSourcesBuildPhase;
			buildActionMask = 2147483647;
			files = (
				461F13E829C6F5D4007B6317 /* WeatherKitAppUITestsLaunchTests.swift in Sources */,
				461F13E629C6F5D4007B6317 /* WeatherKitAppUITests.swift in Sources */,
			);
			runOnlyForDeploymentPostprocessing = 0;
		};
/* End PBXSourcesBuildPhase section */

/* Begin PBXTargetDependency section */
		461F13D929C6F5D4007B6317 /* PBXTargetDependency */ = {
			isa = PBXTargetDependency;
			target = 461F13C529C6F5D1007B6317 /* WeatherKitApp */;
			targetProxy = 461F13D829C6F5D4007B6317 /* PBXContainerItemProxy */;
		};
		461F13E329C6F5D4007B6317 /* PBXTargetDependency */ = {
			isa = PBXTargetDependency;
			target = 461F13C529C6F5D1007B6317 /* WeatherKitApp */;
			targetProxy = 461F13E229C6F5D4007B6317 /* PBXContainerItemProxy */;
		};
/* End PBXTargetDependency section */

/* Begin XCBuildConfiguration section */
		461F13E929C6F5D4007B6317 /* Debug */ = {
			isa = XCBuildConfiguration;
			buildSettings = {
				ALWAYS_SEARCH_USER_PATHS = NO;
				CLANG_ANALYZER_NONNULL = YES;
				CLANG_ANALYZER_NUMBER_OBJECT_CONVERSION = YES_AGGRESSIVE;
				CLANG_CXX_LANGUAGE_STANDARD = "gnu++20";
				CLANG_ENABLE_MODULES = YES;
				CLANG_ENABLE_OBJC_ARC = YES;
				CLANG_ENABLE_OBJC_WEAK = YES;
				CLANG_WARN_BLOCK_CAPTURE_AUTORELEASING = YES;
				CLANG_WARN_BOOL_CONVERSION = YES;
				CLANG_WARN_COMMA = YES;
				CLANG_WARN_CONSTANT_CONVERSION = YES;
				CLANG_WARN_DEPRECATED_OBJC_IMPLEMENTATIONS = YES;
				CLANG_WARN_DIRECT_OBJC_ISA_USAGE = YES_ERROR;
				CLANG_WARN_DOCUMENTATION_COMMENTS = YES;
				CLANG_WARN_EMPTY_BODY = YES;
				CLANG_WARN_ENUM_CONVERSION = YES;
				CLANG_WARN_INFINITE_RECURSION = YES;
				CLANG_WARN_INT_CONVERSION = YES;
				CLANG_WARN_NON_LITERAL_NULL_CONVERSION = YES;
				CLANG_WARN_OBJC_IMPLICIT_RETAIN_SELF = YES;
				CLANG_WARN_OBJC_LITERAL_CONVERSION = YES;
				CLANG_WARN_OBJC_ROOT_CLASS = YES_ERROR;
				CLANG_WARN_QUOTED_INCLUDE_IN_FRAMEWORK_HEADER = YES;
				CLANG_WARN_RANGE_LOOP_ANALYSIS = YES;
				CLANG_WARN_STRICT_PROTOTYPES = YES;
				CLANG_WARN_SUSPICIOUS_MOVE = YES;
				CLANG_WARN_UNGUARDED_AVAILABILITY = YES_AGGRESSIVE;
				CLANG_WARN_UNREACHABLE_CODE = YES;
				CLANG_WARN__DUPLICATE_METHOD_MATCH = YES;
				COPY_PHASE_STRIP = NO;
				DEBUG_INFORMATION_FORMAT = dwarf;
				ENABLE_STRICT_OBJC_MSGSEND = YES;
				ENABLE_TESTABILITY = YES;
				GCC_C_LANGUAGE_STANDARD = gnu11;
				GCC_DYNAMIC_NO_PIC = NO;
				GCC_NO_COMMON_BLOCKS = YES;
				GCC_OPTIMIZATION_LEVEL = 0;
				GCC_PREPROCESSOR_DEFINITIONS = (
					"DEBUG=1",
					"$(inherited)",
				);
				GCC_WARN_64_TO_32_BIT_CONVERSION = YES;
				GCC_WARN_ABOUT_RETURN_TYPE = YES_ERROR;
				GCC_WARN_UNDECLARED_SELECTOR = YES;
				GCC_WARN_UNINITIALIZED_AUTOS = YES_AGGRESSIVE;
				GCC_WARN_UNUSED_FUNCTION = YES;
				GCC_WARN_UNUSED_VARIABLE = YES;
				MTL_ENABLE_DEBUG_INFO = INCLUDE_SOURCE;
				MTL_FAST_MATH = YES;
				ONLY_ACTIVE_ARCH = YES;
				SWIFT_ACTIVE_COMPILATION_CONDITIONS = DEBUG;
				SWIFT_OPTIMIZATION_LEVEL = "-Onone";
			};
			name = Debug;
		};
		461F13EA29C6F5D4007B6317 /* Release */ = {
			isa = XCBuildConfiguration;
			buildSettings = {
				ALWAYS_SEARCH_USER_PATHS = NO;
				CLANG_ANALYZER_NONNULL = YES;
				CLANG_ANALYZER_NUMBER_OBJECT_CONVERSION = YES_AGGRESSIVE;
				CLANG_CXX_LANGUAGE_STANDARD = "gnu++20";
				CLANG_ENABLE_MODULES = YES;
				CLANG_ENABLE_OBJC_ARC = YES;
				CLANG_ENABLE_OBJC_WEAK = YES;
				CLANG_WARN_BLOCK_CAPTURE_AUTORELEASING = YES;
				CLANG_WARN_BOOL_CONVERSION = YES;
				CLANG_WARN_COMMA = YES;
				CLANG_WARN_CONSTANT_CONVERSION = YES;
				CLANG_WARN_DEPRECATED_OBJC_IMPLEMENTATIONS = YES;
				CLANG_WARN_DIRECT_OBJC_ISA_USAGE = YES_ERROR;
				CLANG_WARN_DOCUMENTATION_COMMENTS = YES;
				CLANG_WARN_EMPTY_BODY = YES;
				CLANG_WARN_ENUM_CONVERSION = YES;
				CLANG_WARN_INFINITE_RECURSION = YES;
				CLANG_WARN_INT_CONVERSION = YES;
				CLANG_WARN_NON_LITERAL_NULL_CONVERSION = YES;
				CLANG_WARN_OBJC_IMPLICIT_RETAIN_SELF = YES;
				CLANG_WARN_OBJC_LITERAL_CONVERSION = YES;
				CLANG_WARN_OBJC_ROOT_CLASS = YES_ERROR;
				CLANG_WARN_QUOTED_INCLUDE_IN_FRAMEWORK_HEADER = YES;
				CLANG_WARN_RANGE_LOOP_ANALYSIS = YES;
				CLANG_WARN_STRICT_PROTOTYPES = YES;
				CLANG_WARN_SUSPICIOUS_MOVE = YES;
				CLANG_WARN_UNGUARDED_AVAILABILITY = YES_AGGRESSIVE;
				CLANG_WARN_UNREACHABLE_CODE = YES;
				CLANG_WARN__DUPLICATE_METHOD_MATCH = YES;
				COPY_PHASE_STRIP = NO;
				DEBUG_INFORMATION_FORMAT = "dwarf-with-dsym";
				ENABLE_NS_ASSERTIONS = NO;
				ENABLE_STRICT_OBJC_MSGSEND = YES;
				GCC_C_LANGUAGE_STANDARD = gnu11;
				GCC_NO_COMMON_BLOCKS = YES;
				GCC_WARN_64_TO_32_BIT_CONVERSION = YES;
				GCC_WARN_ABOUT_RETURN_TYPE = YES_ERROR;
				GCC_WARN_UNDECLARED_SELECTOR = YES;
				GCC_WARN_UNINITIALIZED_AUTOS = YES_AGGRESSIVE;
				GCC_WARN_UNUSED_FUNCTION = YES;
				GCC_WARN_UNUSED_VARIABLE = YES;
				MTL_ENABLE_DEBUG_INFO = NO;
				MTL_FAST_MATH = YES;
				SWIFT_COMPILATION_MODE = wholemodule;
				SWIFT_OPTIMIZATION_LEVEL = "-O";
			};
			name = Release;
		};
		461F13EC29C6F5D4007B6317 /* Debug */ = {
			isa = XCBuildConfiguration;
			buildSettings = {
				ASSETCATALOG_COMPILER_APPICON_NAME = AppIcon;
				ASSETCATALOG_COMPILER_GLOBAL_ACCENT_COLOR_NAME = AccentColor;
				CODE_SIGN_ENTITLEMENTS = WeatherKitApp/WeatherKitApp.entitlements;
				CODE_SIGN_STYLE = Automatic;
				CURRENT_PROJECT_VERSION = 1;
				DEVELOPMENT_ASSET_PATHS = "\"WeatherKitApp/Preview Content\"";
				DEVELOPMENT_TEAM = L334R88X2F;
				ENABLE_HARDENED_RUNTIME = YES;
				ENABLE_PREVIEWS = YES;
				GENERATE_INFOPLIST_FILE = YES;
				"INFOPLIST_KEY_UIApplicationSceneManifest_Generation[sdk=iphoneos*]" = YES;
				"INFOPLIST_KEY_UIApplicationSceneManifest_Generation[sdk=iphonesimulator*]" = YES;
				"INFOPLIST_KEY_UIApplicationSupportsIndirectInputEvents[sdk=iphoneos*]" = YES;
				"INFOPLIST_KEY_UIApplicationSupportsIndirectInputEvents[sdk=iphonesimulator*]" = YES;
				"INFOPLIST_KEY_UILaunchScreen_Generation[sdk=iphoneos*]" = YES;
				"INFOPLIST_KEY_UILaunchScreen_Generation[sdk=iphonesimulator*]" = YES;
				"INFOPLIST_KEY_UIStatusBarStyle[sdk=iphoneos*]" = UIStatusBarStyleDefault;
				"INFOPLIST_KEY_UIStatusBarStyle[sdk=iphonesimulator*]" = UIStatusBarStyleDefault;
				INFOPLIST_KEY_UISupportedInterfaceOrientations_iPad = "UIInterfaceOrientationPortrait UIInterfaceOrientationPortraitUpsideDown UIInterfaceOrientationLandscapeLeft UIInterfaceOrientationLandscapeRight";
				INFOPLIST_KEY_UISupportedInterfaceOrientations_iPhone = "UIInterfaceOrientationPortrait UIInterfaceOrientationLandscapeLeft UIInterfaceOrientationLandscapeRight";
				IPHONEOS_DEPLOYMENT_TARGET = 16.2;
				LD_RUNPATH_SEARCH_PATHS = "@executable_path/Frameworks";
				"LD_RUNPATH_SEARCH_PATHS[sdk=macosx*]" = "@executable_path/../Frameworks";
				MACOSX_DEPLOYMENT_TARGET = 13.1;
				MARKETING_VERSION = 1.0;
				PRODUCT_BUNDLE_IDENTIFIER = mynguyen.WeatherKitApp;
				PRODUCT_NAME = "$(TARGET_NAME)";
				SDKROOT = auto;
				SUPPORTED_PLATFORMS = "iphoneos iphonesimulator macosx";
				SWIFT_EMIT_LOC_STRINGS = YES;
				SWIFT_VERSION = 5.0;
				TARGETED_DEVICE_FAMILY = "1,2";
			};
			name = Debug;
		};
		461F13ED29C6F5D4007B6317 /* Release */ = {
			isa = XCBuildConfiguration;
			buildSettings = {
				ASSETCATALOG_COMPILER_APPICON_NAME = AppIcon;
				ASSETCATALOG_COMPILER_GLOBAL_ACCENT_COLOR_NAME = AccentColor;
				CODE_SIGN_ENTITLEMENTS = WeatherKitApp/WeatherKitApp.entitlements;
				CODE_SIGN_STYLE = Automatic;
				CURRENT_PROJECT_VERSION = 1;
				DEVELOPMENT_ASSET_PATHS = "\"WeatherKitApp/Preview Content\"";
				DEVELOPMENT_TEAM = L334R88X2F;
				ENABLE_HARDENED_RUNTIME = YES;
				ENABLE_PREVIEWS = YES;
				GENERATE_INFOPLIST_FILE = YES;
				"INFOPLIST_KEY_UIApplicationSceneManifest_Generation[sdk=iphoneos*]" = YES;
				"INFOPLIST_KEY_UIApplicationSceneManifest_Generation[sdk=iphonesimulator*]" = YES;
				"INFOPLIST_KEY_UIApplicationSupportsIndirectInputEvents[sdk=iphoneos*]" = YES;
				"INFOPLIST_KEY_UIApplicationSupportsIndirectInputEvents[sdk=iphonesimulator*]" = YES;
				"INFOPLIST_KEY_UILaunchScreen_Generation[sdk=iphoneos*]" = YES;
				"INFOPLIST_KEY_UILaunchScreen_Generation[sdk=iphonesimulator*]" = YES;
				"INFOPLIST_KEY_UIStatusBarStyle[sdk=iphoneos*]" = UIStatusBarStyleDefault;
				"INFOPLIST_KEY_UIStatusBarStyle[sdk=iphonesimulator*]" = UIStatusBarStyleDefault;
				INFOPLIST_KEY_UISupportedInterfaceOrientations_iPad = "UIInterfaceOrientationPortrait UIInterfaceOrientationPortraitUpsideDown UIInterfaceOrientationLandscapeLeft UIInterfaceOrientationLandscapeRight";
				INFOPLIST_KEY_UISupportedInterfaceOrientations_iPhone = "UIInterfaceOrientationPortrait UIInterfaceOrientationLandscapeLeft UIInterfaceOrientationLandscapeRight";
				IPHONEOS_DEPLOYMENT_TARGET = 16.2;
				LD_RUNPATH_SEARCH_PATHS = "@executable_path/Frameworks";
				"LD_RUNPATH_SEARCH_PATHS[sdk=macosx*]" = "@executable_path/../Frameworks";
				MACOSX_DEPLOYMENT_TARGET = 13.1;
				MARKETING_VERSION = 1.0;
				PRODUCT_BUNDLE_IDENTIFIER = mynguyen.WeatherKitApp;
				PRODUCT_NAME = "$(TARGET_NAME)";
				SDKROOT = auto;
				SUPPORTED_PLATFORMS = "iphoneos iphonesimulator macosx";
				SWIFT_EMIT_LOC_STRINGS = YES;
				SWIFT_VERSION = 5.0;
				TARGETED_DEVICE_FAMILY = "1,2";
			};
			name = Release;
		};
		461F13EF29C6F5D4007B6317 /* Debug */ = {
			isa = XCBuildConfiguration;
			buildSettings = {
				ALWAYS_EMBED_SWIFT_STANDARD_LIBRARIES = YES;
				BUNDLE_LOADER = "$(TEST_HOST)";
				CODE_SIGN_STYLE = Automatic;
				CURRENT_PROJECT_VERSION = 1;
				DEVELOPMENT_TEAM = L334R88X2F;
				GENERATE_INFOPLIST_FILE = YES;
				IPHONEOS_DEPLOYMENT_TARGET = 16.2;
				MACOSX_DEPLOYMENT_TARGET = 13.1;
				MARKETING_VERSION = 1.0;
				PRODUCT_BUNDLE_IDENTIFIER = mynguyen.WeatherKitAppTests;
				PRODUCT_NAME = "$(TARGET_NAME)";
				SDKROOT = auto;
				SUPPORTED_PLATFORMS = "iphoneos iphonesimulator macosx";
				SWIFT_EMIT_LOC_STRINGS = NO;
				SWIFT_VERSION = 5.0;
				TARGETED_DEVICE_FAMILY = "1,2";
				TEST_HOST = "$(BUILT_PRODUCTS_DIR)/WeatherKitApp.app/$(BUNDLE_EXECUTABLE_FOLDER_PATH)/WeatherKitApp";
			};
			name = Debug;
		};
		461F13F029C6F5D4007B6317 /* Release */ = {
			isa = XCBuildConfiguration;
			buildSettings = {
				ALWAYS_EMBED_SWIFT_STANDARD_LIBRARIES = YES;
				BUNDLE_LOADER = "$(TEST_HOST)";
				CODE_SIGN_STYLE = Automatic;
				CURRENT_PROJECT_VERSION = 1;
				DEVELOPMENT_TEAM = L334R88X2F;
				GENERATE_INFOPLIST_FILE = YES;
				IPHONEOS_DEPLOYMENT_TARGET = 16.2;
				MACOSX_DEPLOYMENT_TARGET = 13.1;
				MARKETING_VERSION = 1.0;
				PRODUCT_BUNDLE_IDENTIFIER = mynguyen.WeatherKitAppTests;
				PRODUCT_NAME = "$(TARGET_NAME)";
				SDKROOT = auto;
				SUPPORTED_PLATFORMS = "iphoneos iphonesimulator macosx";
				SWIFT_EMIT_LOC_STRINGS = NO;
				SWIFT_VERSION = 5.0;
				TARGETED_DEVICE_FAMILY = "1,2";
				TEST_HOST = "$(BUILT_PRODUCTS_DIR)/WeatherKitApp.app/$(BUNDLE_EXECUTABLE_FOLDER_PATH)/WeatherKitApp";
			};
			name = Release;
		};
		461F13F229C6F5D4007B6317 /* Debug */ = {
			isa = XCBuildConfiguration;
			buildSettings = {
				ALWAYS_EMBED_SWIFT_STANDARD_LIBRARIES = YES;
				CODE_SIGN_STYLE = Automatic;
				CURRENT_PROJECT_VERSION = 1;
				DEVELOPMENT_TEAM = L334R88X2F;
				GENERATE_INFOPLIST_FILE = YES;
				IPHONEOS_DEPLOYMENT_TARGET = 16.2;
				MACOSX_DEPLOYMENT_TARGET = 13.1;
				MARKETING_VERSION = 1.0;
				PRODUCT_BUNDLE_IDENTIFIER = mynguyen.WeatherKitAppUITests;
				PRODUCT_NAME = "$(TARGET_NAME)";
				SDKROOT = auto;
				SUPPORTED_PLATFORMS = "iphoneos iphonesimulator macosx";
				SWIFT_EMIT_LOC_STRINGS = NO;
				SWIFT_VERSION = 5.0;
				TARGETED_DEVICE_FAMILY = "1,2";
				TEST_TARGET_NAME = WeatherKitApp;
			};
			name = Debug;
		};
		461F13F329C6F5D4007B6317 /* Release */ = {
			isa = XCBuildConfiguration;
			buildSettings = {
				ALWAYS_EMBED_SWIFT_STANDARD_LIBRARIES = YES;
				CODE_SIGN_STYLE = Automatic;
				CURRENT_PROJECT_VERSION = 1;
				DEVELOPMENT_TEAM = L334R88X2F;
				GENERATE_INFOPLIST_FILE = YES;
				IPHONEOS_DEPLOYMENT_TARGET = 16.2;
				MACOSX_DEPLOYMENT_TARGET = 13.1;
				MARKETING_VERSION = 1.0;
				PRODUCT_BUNDLE_IDENTIFIER = mynguyen.WeatherKitAppUITests;
				PRODUCT_NAME = "$(TARGET_NAME)";
				SDKROOT = auto;
				SUPPORTED_PLATFORMS = "iphoneos iphonesimulator macosx";
				SWIFT_EMIT_LOC_STRINGS = NO;
				SWIFT_VERSION = 5.0;
				TARGETED_DEVICE_FAMILY = "1,2";
				TEST_TARGET_NAME = WeatherKitApp;
			};
			name = Release;
		};
/* End XCBuildConfiguration section */

/* Begin XCConfigurationList section */
		461F13C129C6F5D1007B6317 /* Build configuration list for PBXProject "WeatherKitApp" */ = {
			isa = XCConfigurationList;
			buildConfigurations = (
				461F13E929C6F5D4007B6317 /* Debug */,
				461F13EA29C6F5D4007B6317 /* Release */,
			);
			defaultConfigurationIsVisible = 0;
			defaultConfigurationName = Release;
		};
		461F13EB29C6F5D4007B6317 /* Build configuration list for PBXNativeTarget "WeatherKitApp" */ = {
			isa = XCConfigurationList;
			buildConfigurations = (
				461F13EC29C6F5D4007B6317 /* Debug */,
				461F13ED29C6F5D4007B6317 /* Release */,
			);
			defaultConfigurationIsVisible = 0;
			defaultConfigurationName = Release;
		};
		461F13EE29C6F5D4007B6317 /* Build configuration list for PBXNativeTarget "WeatherKitAppTests" */ = {
			isa = XCConfigurationList;
			buildConfigurations = (
				461F13EF29C6F5D4007B6317 /* Debug */,
				461F13F029C6F5D4007B6317 /* Release */,
			);
			defaultConfigurationIsVisible = 0;
			defaultConfigurationName = Release;
		};
		461F13F129C6F5D4007B6317 /* Build configuration list for PBXNativeTarget "WeatherKitAppUITests" */ = {
			isa = XCConfigurationList;
			buildConfigurations = (
				461F13F229C6F5D4007B6317 /* Debug */,
				461F13F329C6F5D4007B6317 /* Release */,
			);
			defaultConfigurationIsVisible = 0;
			defaultConfigurationName = Release;
		};
/* End XCConfigurationList section */
	};
	rootObject = 461F13BE29C6F5D1007B6317 /* Project object */;
}
